
Microsoft Visual Studio Solution File, Format Version 12.00
# Visual Studio 14
VisualStudioVersion = 14.0.25420.1
MinimumVisualStudioVersion = 10.0.40219.1
Project("{FAE04EC0-301F-11D3-BF4B-00C04F79EFBC}") = "Ejercicio1", "Ejercicio1\Ejercicio1\Ejercicio1.csproj", "{B8F4378E-32C3-44CB-BE45-D57402AB80B1}"
EndProject
Project("{FAE04EC0-301F-11D3-BF4B-00C04F79EFBC}") = "Ejercicio1.Droid", "Ejercicio1\Ejercicio1.Droid\Ejercicio1.Droid.csproj", "{EA53636C-656B-40A2-A106-850F48266E7E}"
EndProject
Project("{FAE04EC0-301F-11D3-BF4B-00C04F79EFBC}") = "Ejercicio1.iOS", "Ejercicio1\Ejercicio1.iOS\Ejercicio1.iOS.csproj", "{7C9F4748-BCDD-4AD5-B3EB-834034D77C05}"
EndProject
Project("{FAE04EC0-301F-11D3-BF4B-00C04F79EFBC}") = "Ejercicio1.WinPhone", "Ejercicio1\Ejercicio1.WinPhone\Ejercicio1.WinPhone.csproj", "{85996DC2-B022-46AC-87CC-DEB7BA1D2566}"
EndProject
Project("{FAE04EC0-301F-11D3-BF4B-00C04F79EFBC}") = "Ejercicio1.Windows", "Ejercicio1\Ejercicio1.Windows\Ejercicio1.Windows.csproj", "{1DFCAEA9-1A8B-4BE9-A6FD-CD9500A3E8B6}"
EndProject
Global
	GlobalSection(SolutionConfigurationPlatforms) = preSolution
		Ad-Hoc|Any CPU = Ad-Hoc|Any CPU
		Ad-Hoc|ARM = Ad-Hoc|ARM
		Ad-Hoc|iPhone = Ad-Hoc|iPhone
		Ad-Hoc|iPhoneSimulator = Ad-Hoc|iPhoneSimulator
		Ad-Hoc|x64 = Ad-Hoc|x64
		Ad-Hoc|x86 = Ad-Hoc|x86
		AppStore|Any CPU = AppStore|Any CPU
		AppStore|ARM = AppStore|ARM
		AppStore|iPhone = AppStore|iPhone
		AppStore|iPhoneSimulator = AppStore|iPhoneSimulator
		AppStore|x64 = AppStore|x64
		AppStore|x86 = AppStore|x86
		Debug|Any CPU = Debug|Any CPU
		Debug|ARM = Debug|ARM
		Debug|iPhone = Debug|iPhone
		Debug|iPhoneSimulator = Debug|iPhoneSimulator
		Debug|x64 = Debug|x64
		Debug|x86 = Debug|x86
		Release|Any CPU = Release|Any CPU
		Release|ARM = Release|ARM
		Release|iPhone = Release|iPhone
		Release|iPhoneSimulator = Release|iPhoneSimulator
		Release|x64 = Release|x64
		Release|x86 = Release|x86
	EndGlobalSection
	GlobalSection(ProjectConfigurationPlatforms) = postSolution
		{B8F4378E-32C3-44CB-BE45-D57402AB80B1}.Ad-Hoc|Any CPU.ActiveCfg = Release|Any CPU
		{B8F4378E-32C3-44CB-BE45-D57402AB80B1}.Ad-Hoc|Any CPU.Build.0 = Release|Any CPU
		{B8F4378E-32C3-44CB-BE45-D57402AB80B1}.Ad-Hoc|ARM.ActiveCfg = Release|Any CPU
		{B8F4378E-32C3-44CB-BE45-D57402AB80B1}.Ad-Hoc|ARM.Build.0 = Release|Any CPU
		{B8F4378E-32C3-44CB-BE45-D57402AB80B1}.Ad-Hoc|iPhone.ActiveCfg = Release|Any CPU
		{B8F4378E-32C3-44CB-BE45-D57402AB80B1}.Ad-Hoc|iPhone.Build.0 = Release|Any CPU
		{B8F4378E-32C3-44CB-BE45-D57402AB80B1}.Ad-Hoc|iPhoneSimulator.ActiveCfg = Release|Any CPU
		{B8F4378E-32C3-44CB-BE45-D57402AB80B1}.Ad-Hoc|iPhoneSimulator.Build.0 = Release|Any CPU
		{B8F4378E-32C3-44CB-BE45-D57402AB80B1}.Ad-Hoc|x64.ActiveCfg = Release|Any CPU
		{B8F4378E-32C3-44CB-BE45-D57402AB80B1}.Ad-Hoc|x64.Build.0 = Release|Any CPU
		{B8F4378E-32C3-44CB-BE45-D57402AB80B1}.Ad-Hoc|x86.ActiveCfg = Release|Any CPU
		{B8F4378E-32C3-44CB-BE45-D57402AB80B1}.Ad-Hoc|x86.Build.0 = Release|Any CPU
		{B8F4378E-32C3-44CB-BE45-D57402AB80B1}.AppStore|Any CPU.ActiveCfg = Release|Any CPU
		{B8F4378E-32C3-44CB-BE45-D57402AB80B1}.AppStore|Any CPU.Build.0 = Release|Any CPU
		{B8F4378E-32C3-44CB-BE45-D57402AB80B1}.AppStore|ARM.ActiveCfg = Release|Any CPU
		{B8F4378E-32C3-44CB-BE45-D57402AB80B1}.AppStore|ARM.Build.0 = Release|Any CPU
		{B8F4378E-32C3-44CB-BE45-D57402AB80B1}.AppStore|iPhone.ActiveCfg = Release|Any CPU
		{B8F4378E-32C3-44CB-BE45-D57402AB80B1}.AppStore|iPhone.Build.0 = Release|Any CPU
		{B8F4378E-32C3-44CB-BE45-D57402AB80B1}.AppStore|iPhoneSimulator.ActiveCfg = Release|Any CPU
		{B8F4378E-32C3-44CB-BE45-D57402AB80B1}.AppStore|iPhoneSimulator.Build.0 = Release|Any CPU
		{B8F4378E-32C3-44CB-BE45-D57402AB80B1}.AppStore|x64.ActiveCfg = Release|Any CPU
		{B8F4378E-32C3-44CB-BE45-D57402AB80B1}.AppStore|x64.Build.0 = Release|Any CPU
		{B8F4378E-32C3-44CB-BE45-D57402AB80B1}.AppStore|x86.ActiveCfg = Release|Any CPU
		{B8F4378E-32C3-44CB-BE45-D57402AB80B1}.AppStore|x86.Build.0 = Release|Any CPU
		{B8F4378E-32C3-44CB-BE45-D57402AB80B1}.Debug|Any CPU.ActiveCfg = Debug|Any CPU
		{B8F4378E-32C3-44CB-BE45-D57402AB80B1}.Debug|Any CPU.Build.0 = Debug|Any CPU
		{B8F4378E-32C3-44CB-BE45-D57402AB80B1}.Debug|ARM.ActiveCfg = Debug|Any CPU
		{B8F4378E-32C3-44CB-BE45-D57402AB80B1}.Debug|ARM.Build.0 = Debug|Any CPU
		{B8F4378E-32C3-44CB-BE45-D57402AB80B1}.Debug|iPhone.ActiveCfg = Debug|Any CPU
		{B8F4378E-32C3-44CB-BE45-D57402AB80B1}.Debug|iPhone.Build.0 = Debug|Any CPU
		{B8F4378E-32C3-44CB-BE45-D57402AB80B1}.Debug|iPhoneSimulator.ActiveCfg = Debug|Any CPU
		{B8F4378E-32C3-44CB-BE45-D57402AB80B1}.Debug|iPhoneSimulator.Build.0 = Debug|Any CPU
		{B8F4378E-32C3-44CB-BE45-D57402AB80B1}.Debug|x64.ActiveCfg = Debug|Any CPU
		{B8F4378E-32C3-44CB-BE45-D57402AB80B1}.Debug|x64.Build.0 = Debug|Any CPU
		{B8F4378E-32C3-44CB-BE45-D57402AB80B1}.Debug|x86.ActiveCfg = Debug|Any CPU
		{B8F4378E-32C3-44CB-BE45-D57402AB80B1}.Debug|x86.Build.0 = Debug|Any CPU
		{B8F4378E-32C3-44CB-BE45-D57402AB80B1}.Release|Any CPU.ActiveCfg = Release|Any CPU
		{B8F4378E-32C3-44CB-BE45-D57402AB80B1}.Release|Any CPU.Build.0 = Release|Any CPU
		{B8F4378E-32C3-44CB-BE45-D57402AB80B1}.Release|ARM.ActiveCfg = Release|Any CPU
		{B8F4378E-32C3-44CB-BE45-D57402AB80B1}.Release|ARM.Build.0 = Release|Any CPU
		{B8F4378E-32C3-44CB-BE45-D57402AB80B1}.Release|iPhone.ActiveCfg = Release|Any CPU
		{B8F4378E-32C3-44CB-BE45-D57402AB80B1}.Release|iPhone.Build.0 = Release|Any CPU
		{B8F4378E-32C3-44CB-BE45-D57402AB80B1}.Release|iPhoneSimulator.ActiveCfg = Release|Any CPU
		{B8F4378E-32C3-44CB-BE45-D57402AB80B1}.Release|iPhoneSimulator.Build.0 = Release|Any CPU
		{B8F4378E-32C3-44CB-BE45-D57402AB80B1}.Release|x64.ActiveCfg = Release|Any CPU
		{B8F4378E-32C3-44CB-BE45-D57402AB80B1}.Release|x64.Build.0 = Release|Any CPU
		{B8F4378E-32C3-44CB-BE45-D57402AB80B1}.Release|x86.ActiveCfg = Release|Any CPU
		{B8F4378E-32C3-44CB-BE45-D57402AB80B1}.Release|x86.Build.0 = Release|Any CPU
		{EA53636C-656B-40A2-A106-850F48266E7E}.Ad-Hoc|Any CPU.ActiveCfg = Release|Any CPU
		{EA53636C-656B-40A2-A106-850F48266E7E}.Ad-Hoc|Any CPU.Build.0 = Release|Any CPU
		{EA53636C-656B-40A2-A106-850F48266E7E}.Ad-Hoc|Any CPU.Deploy.0 = Release|Any CPU
		{EA53636C-656B-40A2-A106-850F48266E7E}.Ad-Hoc|ARM.ActiveCfg = Release|Any CPU
		{EA53636C-656B-40A2-A106-850F48266E7E}.Ad-Hoc|ARM.Build.0 = Release|Any CPU
		{EA53636C-656B-40A2-A106-850F48266E7E}.Ad-Hoc|ARM.Deploy.0 = Release|Any CPU
		{EA53636C-656B-40A2-A106-850F48266E7E}.Ad-Hoc|iPhone.ActiveCfg = Release|Any CPU
		{EA53636C-656B-40A2-A106-850F48266E7E}.Ad-Hoc|iPhone.Build.0 = Release|Any CPU
		{EA53636C-656B-40A2-A106-850F48266E7E}.Ad-Hoc|iPhone.Deploy.0 = Release|Any CPU
		{EA53636C-656B-40A2-A106-850F48266E7E}.Ad-Hoc|iPhoneSimulator.ActiveCfg = Release|Any CPU
		{EA53636C-656B-40A2-A106-850F48266E7E}.Ad-Hoc|iPhoneSimulator.Build.0 = Release|Any CPU
		{EA53636C-656B-40A2-A106-850F48266E7E}.Ad-Hoc|iPhoneSimulator.Deploy.0 = Release|Any CPU
		{EA53636C-656B-40A2-A106-850F48266E7E}.Ad-Hoc|x64.ActiveCfg = Release|Any CPU
		{EA53636C-656B-40A2-A106-850F48266E7E}.Ad-Hoc|x64.Build.0 = Release|Any CPU
		{EA53636C-656B-40A2-A106-850F48266E7E}.Ad-Hoc|x64.Deploy.0 = Release|Any CPU
		{EA53636C-656B-40A2-A106-850F48266E7E}.Ad-Hoc|x86.ActiveCfg = Release|Any CPU
		{EA53636C-656B-40A2-A106-850F48266E7E}.Ad-Hoc|x86.Build.0 = Release|Any CPU
		{EA53636C-656B-40A2-A106-850F48266E7E}.Ad-Hoc|x86.Deploy.0 = Release|Any CPU
		{EA53636C-656B-40A2-A106-850F48266E7E}.AppStore|Any CPU.ActiveCfg = Release|Any CPU
		{EA53636C-656B-40A2-A106-850F48266E7E}.AppStore|Any CPU.Build.0 = Release|Any CPU
		{EA53636C-656B-40A2-A106-850F48266E7E}.AppStore|Any CPU.Deploy.0 = Release|Any CPU
		{EA53636C-656B-40A2-A106-850F48266E7E}.AppStore|ARM.ActiveCfg = Release|Any CPU
		{EA53636C-656B-40A2-A106-850F48266E7E}.AppStore|ARM.Build.0 = Release|Any CPU
		{EA53636C-656B-40A2-A106-850F48266E7E}.AppStore|ARM.Deploy.0 = Release|Any CPU
		{EA53636C-656B-40A2-A106-850F48266E7E}.AppStore|iPhone.ActiveCfg = Release|Any CPU
		{EA53636C-656B-40A2-A106-850F48266E7E}.AppStore|iPhone.Build.0 = Release|Any CPU
		{EA53636C-656B-40A2-A106-850F48266E7E}.AppStore|iPhone.Deploy.0 = Release|Any CPU
		{EA53636C-656B-40A2-A106-850F48266E7E}.AppStore|iPhoneSimulator.ActiveCfg = Release|Any CPU
		{EA53636C-656B-40A2-A106-850F48266E7E}.AppStore|iPhoneSimulator.Build.0 = Release|Any CPU
		{EA53636C-656B-40A2-A106-850F48266E7E}.AppStore|iPhoneSimulator.Deploy.0 = Release|Any CPU
		{EA53636C-656B-40A2-A106-850F48266E7E}.AppStore|x64.ActiveCfg = Release|Any CPU
		{EA53636C-656B-40A2-A106-850F48266E7E}.AppStore|x64.Build.0 = Release|Any CPU
		{EA53636C-656B-40A2-A106-850F48266E7E}.AppStore|x64.Deploy.0 = Release|Any CPU
		{EA53636C-656B-40A2-A106-850F48266E7E}.AppStore|x86.ActiveCfg = Release|Any CPU
		{EA53636C-656B-40A2-A106-850F48266E7E}.AppStore|x86.Build.0 = Release|Any CPU
		{EA53636C-656B-40A2-A106-850F48266E7E}.AppStore|x86.Deploy.0 = Release|Any CPU
		{EA53636C-656B-40A2-A106-850F48266E7E}.Debug|Any CPU.ActiveCfg = Debug|Any CPU
		{EA53636C-656B-40A2-A106-850F48266E7E}.Debug|Any CPU.Build.0 = Debug|Any CPU
		{EA53636C-656B-40A2-A106-850F48266E7E}.Debug|Any CPU.Deploy.0 = Debug|Any CPU
		{EA53636C-656B-40A2-A106-850F48266E7E}.Debug|ARM.ActiveCfg = Debug|Any CPU
		{EA53636C-656B-40A2-A106-850F48266E7E}.Debug|ARM.Build.0 = Debug|Any CPU
		{EA53636C-656B-40A2-A106-850F48266E7E}.Debug|ARM.Deploy.0 = Debug|Any CPU
		{EA53636C-656B-40A2-A106-850F48266E7E}.Debug|iPhone.ActiveCfg = Debug|Any CPU
		{EA53636C-656B-40A2-A106-850F48266E7E}.Debug|iPhone.Build.0 = Debug|Any CPU
		{EA53636C-656B-40A2-A106-850F48266E7E}.Debug|iPhone.Deploy.0 = Debug|Any CPU
		{EA53636C-656B-40A2-A106-850F48266E7E}.Debug|iPhoneSimulator.ActiveCfg = Debug|Any CPU
		{EA53636C-656B-40A2-A106-850F48266E7E}.Debug|iPhoneSimulator.Build.0 = Debug|Any CPU
		{EA53636C-656B-40A2-A106-850F48266E7E}.Debug|iPhoneSimulator.Deploy.0 = Debug|Any CPU
		{EA53636C-656B-40A2-A106-850F48266E7E}.Debug|x64.ActiveCfg = Debug|Any CPU
		{EA53636C-656B-40A2-A106-850F48266E7E}.Debug|x64.Build.0 = Debug|Any CPU
		{EA53636C-656B-40A2-A106-850F48266E7E}.Debug|x64.Deploy.0 = Debug|Any CPU
		{EA53636C-656B-40A2-A106-850F48266E7E}.Debug|x86.ActiveCfg = Debug|Any CPU
		{EA53636C-656B-40A2-A106-850F48266E7E}.Debug|x86.Build.0 = Debug|Any CPU
		{EA53636C-656B-40A2-A106-850F48266E7E}.Debug|x86.Deploy.0 = Debug|Any CPU
		{EA53636C-656B-40A2-A106-850F48266E7E}.Release|Any CPU.ActiveCfg = Release|Any CPU
		{EA53636C-656B-40A2-A106-850F48266E7E}.Release|Any CPU.Build.0 = Release|Any CPU
		{EA53636C-656B-40A2-A106-850F48266E7E}.Release|Any CPU.Deploy.0 = Release|Any CPU
		{EA53636C-656B-40A2-A106-850F48266E7E}.Release|ARM.ActiveCfg = Release|Any CPU
		{EA53636C-656B-40A2-A106-850F48266E7E}.Release|ARM.Build.0 = Release|Any CPU
		{EA53636C-656B-40A2-A106-850F48266E7E}.Release|ARM.Deploy.0 = Release|Any CPU
		{EA53636C-656B-40A2-A106-850F48266E7E}.Release|iPhone.ActiveCfg = Release|Any CPU
		{EA53636C-656B-40A2-A106-850F48266E7E}.Release|iPhone.Build.0 = Release|Any CPU
		{EA53636C-656B-40A2-A106-850F48266E7E}.Release|iPhone.Deploy.0 = Release|Any CPU
		{EA53636C-656B-40A2-A106-850F48266E7E}.Release|iPhoneSimulator.ActiveCfg = Release|Any CPU
		{EA53636C-656B-40A2-A106-850F48266E7E}.Release|iPhoneSimulator.Build.0 = Release|Any CPU
		{EA53636C-656B-40A2-A106-850F48266E7E}.Release|iPhoneSimulator.Deploy.0 = Release|Any CPU
		{EA53636C-656B-40A2-A106-850F48266E7E}.Release|x64.ActiveCfg = Release|Any CPU
		{EA53636C-656B-40A2-A106-850F48266E7E}.Release|x64.Build.0 = Release|Any CPU
		{EA53636C-656B-40A2-A106-850F48266E7E}.Release|x64.Deploy.0 = Release|Any CPU
		{EA53636C-656B-40A2-A106-850F48266E7E}.Release|x86.ActiveCfg = Release|Any CPU
		{EA53636C-656B-40A2-A106-850F48266E7E}.Release|x86.Build.0 = Release|Any CPU
		{EA53636C-656B-40A2-A106-850F48266E7E}.Release|x86.Deploy.0 = Release|Any CPU
		{7C9F4748-BCDD-4AD5-B3EB-834034D77C05}.Ad-Hoc|Any CPU.ActiveCfg = Ad-Hoc|iPhone
		{7C9F4748-BCDD-4AD5-B3EB-834034D77C05}.Ad-Hoc|ARM.ActiveCfg = Ad-Hoc|iPhone
		{7C9F4748-BCDD-4AD5-B3EB-834034D77C05}.Ad-Hoc|iPhone.ActiveCfg = Ad-Hoc|iPhone
		{7C9F4748-BCDD-4AD5-B3EB-834034D77C05}.Ad-Hoc|iPhone.Build.0 = Ad-Hoc|iPhone
		{7C9F4748-BCDD-4AD5-B3EB-834034D77C05}.Ad-Hoc|iPhoneSimulator.ActiveCfg = Ad-Hoc|iPhoneSimulator
		{7C9F4748-BCDD-4AD5-B3EB-834034D77C05}.Ad-Hoc|iPhoneSimulator.Build.0 = Ad-Hoc|iPhoneSimulator
		{7C9F4748-BCDD-4AD5-B3EB-834034D77C05}.Ad-Hoc|x64.ActiveCfg = Ad-Hoc|iPhone
		{7C9F4748-BCDD-4AD5-B3EB-834034D77C05}.Ad-Hoc|x86.ActiveCfg = Ad-Hoc|iPhone
		{7C9F4748-BCDD-4AD5-B3EB-834034D77C05}.AppStore|Any CPU.ActiveCfg = AppStore|iPhone
		{7C9F4748-BCDD-4AD5-B3EB-834034D77C05}.AppStore|ARM.ActiveCfg = AppStore|iPhone
		{7C9F4748-BCDD-4AD5-B3EB-834034D77C05}.AppStore|iPhone.ActiveCfg = AppStore|iPhone
		{7C9F4748-BCDD-4AD5-B3EB-834034D77C05}.AppStore|iPhone.Build.0 = AppStore|iPhone
		{7C9F4748-BCDD-4AD5-B3EB-834034D77C05}.AppStore|iPhoneSimulator.ActiveCfg = AppStore|iPhoneSimulator
		{7C9F4748-BCDD-4AD5-B3EB-834034D77C05}.AppStore|iPhoneSimulator.Build.0 = AppStore|iPhoneSimulator
		{7C9F4748-BCDD-4AD5-B3EB-834034D77C05}.AppStore|x64.ActiveCfg = AppStore|iPhone
		{7C9F4748-BCDD-4AD5-B3EB-834034D77C05}.AppStore|x86.ActiveCfg = AppStore|iPhone
		{7C9F4748-BCDD-4AD5-B3EB-834034D77C05}.Debug|Any CPU.ActiveCfg = Debug|iPhone
		{7C9F4748-BCDD-4AD5-B3EB-834034D77C05}.Debug|ARM.ActiveCfg = Debug|iPhone
		{7C9F4748-BCDD-4AD5-B3EB-834034D77C05}.Debug|iPhone.ActiveCfg = Debug|iPhone
		{7C9F4748-BCDD-4AD5-B3EB-834034D77C05}.Debug|iPhone.Build.0 = Debug|iPhone
		{7C9F4748-BCDD-4AD5-B3EB-834034D77C05}.Debug|iPhoneSimulator.ActiveCfg = Debug|iPhoneSimulator
		{7C9F4748-BCDD-4AD5-B3EB-834034D77C05}.Debug|iPhoneSimulator.Build.0 = Debug|iPhoneSimulator
		{7C9F4748-BCDD-4AD5-B3EB-834034D77C05}.Debug|x64.ActiveCfg = Debug|iPhone
		{7C9F4748-BCDD-4AD5-B3EB-834034D77C05}.Debug|x86.ActiveCfg = Debug|iPhone
		{7C9F4748-BCDD-4AD5-B3EB-834034D77C05}.Release|Any CPU.ActiveCfg = Release|iPhone
		{7C9F4748-BCDD-4AD5-B3EB-834034D77C05}.Release|ARM.ActiveCfg = Release|iPhone
		{7C9F4748-BCDD-4AD5-B3EB-834034D77C05}.Release|iPhone.ActiveCfg = Release|iPhone
		{7C9F4748-BCDD-4AD5-B3EB-834034D77C05}.Release|iPhone.Build.0 = Release|iPhone
		{7C9F4748-BCDD-4AD5-B3EB-834034D77C05}.Release|iPhoneSimulator.ActiveCfg = Release|iPhoneSimulator
		{7C9F4748-BCDD-4AD5-B3EB-834034D77C05}.Release|iPhoneSimulator.Build.0 = Release|iPhoneSimulator
		{7C9F4748-BCDD-4AD5-B3EB-834034D77C05}.Release|x64.ActiveCfg = Release|iPhone
		{7C9F4748-BCDD-4AD5-B3EB-834034D77C05}.Release|x86.ActiveCfg = Release|iPhone
		{85996DC2-B022-46AC-87CC-DEB7BA1D2566}.Ad-Hoc|Any CPU.ActiveCfg = Release|Any CPU
		{85996DC2-B022-46AC-87CC-DEB7BA1D2566}.Ad-Hoc|Any CPU.Build.0 = Release|Any CPU
		{85996DC2-B022-46AC-87CC-DEB7BA1D2566}.Ad-Hoc|Any CPU.Deploy.0 = Release|Any CPU
		{85996DC2-B022-46AC-87CC-DEB7BA1D2566}.Ad-Hoc|ARM.ActiveCfg = Release|ARM
		{85996DC2-B022-46AC-87CC-DEB7BA1D2566}.Ad-Hoc|ARM.Build.0 = Release|ARM
		{85996DC2-B022-46AC-87CC-DEB7BA1D2566}.Ad-Hoc|ARM.Deploy.0 = Release|ARM
		{85996DC2-B022-46AC-87CC-DEB7BA1D2566}.Ad-Hoc|iPhone.ActiveCfg = Release|Any CPU
		{85996DC2-B022-46AC-87CC-DEB7BA1D2566}.Ad-Hoc|iPhone.Build.0 = Release|Any CPU
		{85996DC2-B022-46AC-87CC-DEB7BA1D2566}.Ad-Hoc|iPhone.Deploy.0 = Release|Any CPU
		{85996DC2-B022-46AC-87CC-DEB7BA1D2566}.Ad-Hoc|iPhoneSimulator.ActiveCfg = Release|Any CPU
		{85996DC2-B022-46AC-87CC-DEB7BA1D2566}.Ad-Hoc|iPhoneSimulator.Build.0 = Release|Any CPU
		{85996DC2-B022-46AC-87CC-DEB7BA1D2566}.Ad-Hoc|iPhoneSimulator.Deploy.0 = Release|Any CPU
		{85996DC2-B022-46AC-87CC-DEB7BA1D2566}.Ad-Hoc|x64.ActiveCfg = Release|Any CPU
		{85996DC2-B022-46AC-87CC-DEB7BA1D2566}.Ad-Hoc|x64.Build.0 = Release|Any CPU
		{85996DC2-B022-46AC-87CC-DEB7BA1D2566}.Ad-Hoc|x64.Deploy.0 = Release|Any CPU
		{85996DC2-B022-46AC-87CC-DEB7BA1D2566}.Ad-Hoc|x86.ActiveCfg = Release|x86
		{85996DC2-B022-46AC-87CC-DEB7BA1D2566}.Ad-Hoc|x86.Build.0 = Release|x86
		{85996DC2-B022-46AC-87CC-DEB7BA1D2566}.Ad-Hoc|x86.Deploy.0 = Release|x86
		{85996DC2-B022-46AC-87CC-DEB7BA1D2566}.AppStore|Any CPU.ActiveCfg = Release|Any CPU
		{85996DC2-B022-46AC-87CC-DEB7BA1D2566}.AppStore|Any CPU.Build.0 = Release|Any CPU
		{85996DC2-B022-46AC-87CC-DEB7BA1D2566}.AppStore|Any CPU.Deploy.0 = Release|Any CPU
		{85996DC2-B022-46AC-87CC-DEB7BA1D2566}.AppStore|ARM.ActiveCfg = Release|ARM
		{85996DC2-B022-46AC-87CC-DEB7BA1D2566}.AppStore|ARM.Build.0 = Release|ARM
		{85996DC2-B022-46AC-87CC-DEB7BA1D2566}.AppStore|ARM.Deploy.0 = Release|ARM
		{85996DC2-B022-46AC-87CC-DEB7BA1D2566}.AppStore|iPhone.ActiveCfg = Release|Any CPU
		{85996DC2-B022-46AC-87CC-DEB7BA1D2566}.AppStore|iPhone.Build.0 = Release|Any CPU
		{85996DC2-B022-46AC-87CC-DEB7BA1D2566}.AppStore|iPhone.Deploy.0 = Release|Any CPU
		{85996DC2-B022-46AC-87CC-DEB7BA1D2566}.AppStore|iPhoneSimulator.ActiveCfg = Release|Any CPU
		{85996DC2-B022-46AC-87CC-DEB7BA1D2566}.AppStore|iPhoneSimulator.Build.0 = Release|Any CPU
		{85996DC2-B022-46AC-87CC-DEB7BA1D2566}.AppStore|iPhoneSimulator.Deploy.0 = Release|Any CPU
		{85996DC2-B022-46AC-87CC-DEB7BA1D2566}.AppStore|x64.ActiveCfg = Release|Any CPU
		{85996DC2-B022-46AC-87CC-DEB7BA1D2566}.AppStore|x64.Build.0 = Release|Any CPU
		{85996DC2-B022-46AC-87CC-DEB7BA1D2566}.AppStore|x64.Deploy.0 = Release|Any CPU
		{85996DC2-B022-46AC-87CC-DEB7BA1D2566}.AppStore|x86.ActiveCfg = Release|x86
		{85996DC2-B022-46AC-87CC-DEB7BA1D2566}.AppStore|x86.Build.0 = Release|x86
		{85996DC2-B022-46AC-87CC-DEB7BA1D2566}.AppStore|x86.Deploy.0 = Release|x86
		{85996DC2-B022-46AC-87CC-DEB7BA1D2566}.Debug|Any CPU.ActiveCfg = Debug|Any CPU
		{85996DC2-B022-46AC-87CC-DEB7BA1D2566}.Debug|Any CPU.Build.0 = Debug|Any CPU
		{85996DC2-B022-46AC-87CC-DEB7BA1D2566}.Debug|Any CPU.Deploy.0 = Debug|Any CPU
		{85996DC2-B022-46AC-87CC-DEB7BA1D2566}.Debug|ARM.ActiveCfg = Debug|ARM
		{85996DC2-B022-46AC-87CC-DEB7BA1D2566}.Debug|ARM.Build.0 = Debug|ARM
		{85996DC2-B022-46AC-87CC-DEB7BA1D2566}.Debug|ARM.Deploy.0 = Debug|ARM
		{85996DC2-B022-46AC-87CC-DEB7BA1D2566}.Debug|iPhone.ActiveCfg = Debug|Any CPU
		{85996DC2-B022-46AC-87CC-DEB7BA1D2566}.Debug|iPhone.Build.0 = Debug|Any CPU
		{85996DC2-B022-46AC-87CC-DEB7BA1D2566}.Debug|iPhone.Deploy.0 = Debug|Any CPU
		{85996DC2-B022-46AC-87CC-DEB7BA1D2566}.Debug|iPhoneSimulator.ActiveCfg = Debug|Any CPU
		{85996DC2-B022-46AC-87CC-DEB7BA1D2566}.Debug|iPhoneSimulator.Build.0 = Debug|Any CPU
		{85996DC2-B022-46AC-87CC-DEB7BA1D2566}.Debug|iPhoneSimulator.Deploy.0 = Debug|Any CPU
		{85996DC2-B022-46AC-87CC-DEB7BA1D2566}.Debug|x64.ActiveCfg = Debug|Any CPU
		{85996DC2-B022-46AC-87CC-DEB7BA1D2566}.Debug|x64.Build.0 = Debug|Any CPU
		{85996DC2-B022-46AC-87CC-DEB7BA1D2566}.Debug|x64.Deploy.0 = Debug|Any CPU
		{85996DC2-B022-46AC-87CC-DEB7BA1D2566}.Debug|x86.ActiveCfg = Debug|x86
		{85996DC2-B022-46AC-87CC-DEB7BA1D2566}.Debug|x86.Build.0 = Debug|x86
		{85996DC2-B022-46AC-87CC-DEB7BA1D2566}.Debug|x86.Deploy.0 = Debug|x86
		{85996DC2-B022-46AC-87CC-DEB7BA1D2566}.Release|Any CPU.ActiveCfg = Release|Any CPU
		{85996DC2-B022-46AC-87CC-DEB7BA1D2566}.Release|Any CPU.Build.0 = Release|Any CPU
		{85996DC2-B022-46AC-87CC-DEB7BA1D2566}.Release|Any CPU.Deploy.0 = Release|Any CPU
		{85996DC2-B022-46AC-87CC-DEB7BA1D2566}.Release|ARM.ActiveCfg = Release|ARM
		{85996DC2-B022-46AC-87CC-DEB7BA1D2566}.Release|ARM.Build.0 = Release|ARM
		{85996DC2-B022-46AC-87CC-DEB7BA1D2566}.Release|ARM.Deploy.0 = Release|ARM
		{85996DC2-B022-46AC-87CC-DEB7BA1D2566}.Release|iPhone.ActiveCfg = Release|Any CPU
		{85996DC2-B022-46AC-87CC-DEB7BA1D2566}.Release|iPhone.Build.0 = Release|Any CPU
		{85996DC2-B022-46AC-87CC-DEB7BA1D2566}.Release|iPhone.Deploy.0 = Release|Any CPU
		{85996DC2-B022-46AC-87CC-DEB7BA1D2566}.Release|iPhoneSimulator.ActiveCfg = Release|Any CPU
		{85996DC2-B022-46AC-87CC-DEB7BA1D2566}.Release|iPhoneSimulator.Build.0 = Release|Any CPU
		{85996DC2-B022-46AC-87CC-DEB7BA1D2566}.Release|iPhoneSimulator.Deploy.0 = Release|Any CPU
		{85996DC2-B022-46AC-87CC-DEB7BA1D2566}.Release|x64.ActiveCfg = Release|Any CPU
		{85996DC2-B022-46AC-87CC-DEB7BA1D2566}.Release|x64.Build.0 = Release|Any CPU
		{85996DC2-B022-46AC-87CC-DEB7BA1D2566}.Release|x64.Deploy.0 = Release|Any CPU
		{85996DC2-B022-46AC-87CC-DEB7BA1D2566}.Release|x86.ActiveCfg = Release|x86
		{85996DC2-B022-46AC-87CC-DEB7BA1D2566}.Release|x86.Build.0 = Release|x86
		{85996DC2-B022-46AC-87CC-DEB7BA1D2566}.Release|x86.Deploy.0 = Release|x86
		{1DFCAEA9-1A8B-4BE9-A6FD-CD9500A3E8B6}.Ad-Hoc|Any CPU.ActiveCfg = Release|Any CPU
		{1DFCAEA9-1A8B-4BE9-A6FD-CD9500A3E8B6}.Ad-Hoc|Any CPU.Build.0 = Release|Any CPU
		{1DFCAEA9-1A8B-4BE9-A6FD-CD9500A3E8B6}.Ad-Hoc|Any CPU.Deploy.0 = Release|Any CPU
		{1DFCAEA9-1A8B-4BE9-A6FD-CD9500A3E8B6}.Ad-Hoc|ARM.ActiveCfg = Release|ARM
		{1DFCAEA9-1A8B-4BE9-A6FD-CD9500A3E8B6}.Ad-Hoc|ARM.Build.0 = Release|ARM
		{1DFCAEA9-1A8B-4BE9-A6FD-CD9500A3E8B6}.Ad-Hoc|ARM.Deploy.0 = Release|ARM
		{1DFCAEA9-1A8B-4BE9-A6FD-CD9500A3E8B6}.Ad-Hoc|iPhone.ActiveCfg = Release|Any CPU
		{1DFCAEA9-1A8B-4BE9-A6FD-CD9500A3E8B6}.Ad-Hoc|iPhone.Build.0 = Release|Any CPU
		{1DFCAEA9-1A8B-4BE9-A6FD-CD9500A3E8B6}.Ad-Hoc|iPhone.Deploy.0 = Release|Any CPU
		{1DFCAEA9-1A8B-4BE9-A6FD-CD9500A3E8B6}.Ad-Hoc|iPhoneSimulator.ActiveCfg = Release|Any CPU
		{1DFCAEA9-1A8B-4BE9-A6FD-CD9500A3E8B6}.Ad-Hoc|iPhoneSimulator.Build.0 = Release|Any CPU
		{1DFCAEA9-1A8B-4BE9-A6FD-CD9500A3E8B6}.Ad-Hoc|iPhoneSimulator.Deploy.0 = Release|Any CPU
		{1DFCAEA9-1A8B-4BE9-A6FD-CD9500A3E8B6}.Ad-Hoc|x64.ActiveCfg = Release|x64
		{1DFCAEA9-1A8B-4BE9-A6FD-CD9500A3E8B6}.Ad-Hoc|x64.Build.0 = Release|x64
		{1DFCAEA9-1A8B-4BE9-A6FD-CD9500A3E8B6}.Ad-Hoc|x64.Deploy.0 = Release|x64
		{1DFCAEA9-1A8B-4BE9-A6FD-CD9500A3E8B6}.Ad-Hoc|x86.ActiveCfg = Release|x86
		{1DFCAEA9-1A8B-4BE9-A6FD-CD9500A3E8B6}.Ad-Hoc|x86.Build.0 = Release|x86
		{1DFCAEA9-1A8B-4BE9-A6FD-CD9500A3E8B6}.Ad-Hoc|x86.Deploy.0 = Release|x86
		{1DFCAEA9-1A8B-4BE9-A6FD-CD9500A3E8B6}.AppStore|Any CPU.ActiveCfg = Release|Any CPU
		{1DFCAEA9-1A8B-4BE9-A6FD-CD9500A3E8B6}.AppStore|Any CPU.Build.0 = Release|Any CPU
		{1DFCAEA9-1A8B-4BE9-A6FD-CD9500A3E8B6}.AppStore|Any CPU.Deploy.0 = Release|Any CPU
		{1DFCAEA9-1A8B-4BE9-A6FD-CD9500A3E8B6}.AppStore|ARM.ActiveCfg = Release|ARM
		{1DFCAEA9-1A8B-4BE9-A6FD-CD9500A3E8B6}.AppStore|ARM.Build.0 = Release|ARM
		{1DFCAEA9-1A8B-4BE9-A6FD-CD9500A3E8B6}.AppStore|ARM.Deploy.0 = Release|ARM
		{1DFCAEA9-1A8B-4BE9-A6FD-CD9500A3E8B6}.AppStore|iPhone.ActiveCfg = Release|Any CPU
		{1DFCAEA9-1A8B-4BE9-A6FD-CD9500A3E8B6}.AppStore|iPhone.Build.0 = Release|Any CPU
		{1DFCAEA9-1A8B-4BE9-A6FD-CD9500A3E8B6}.AppStore|iPhone.Deploy.0 = Release|Any CPU
		{1DFCAEA9-1A8B-4BE9-A6FD-CD9500A3E8B6}.AppStore|iPhoneSimulator.ActiveCfg = Release|Any CPU
		{1DFCAEA9-1A8B-4BE9-A6FD-CD9500A3E8B6}.AppStore|iPhoneSimulator.Build.0 = Release|Any CPU
		{1DFCAEA9-1A8B-4BE9-A6FD-CD9500A3E8B6}.AppStore|iPhoneSimulator.Deploy.0 = Release|Any CPU
		{1DFCAEA9-1A8B-4BE9-A6FD-CD9500A3E8B6}.AppStore|x64.ActiveCfg = Release|x64
		{1DFCAEA9-1A8B-4BE9-A6FD-CD9500A3E8B6}.AppStore|x64.Build.0 = Release|x64
		{1DFCAEA9-1A8B-4BE9-A6FD-CD9500A3E8B6}.AppStore|x64.Deploy.0 = Release|x64
		{1DFCAEA9-1A8B-4BE9-A6FD-CD9500A3E8B6}.AppStore|x86.ActiveCfg = Release|x86
		{1DFCAEA9-1A8B-4BE9-A6FD-CD9500A3E8B6}.AppStore|x86.Build.0 = Release|x86
		{1DFCAEA9-1A8B-4BE9-A6FD-CD9500A3E8B6}.AppStore|x86.Deploy.0 = Release|x86
		{1DFCAEA9-1A8B-4BE9-A6FD-CD9500A3E8B6}.Debug|Any CPU.ActiveCfg = Debug|Any CPU
		{1DFCAEA9-1A8B-4BE9-A6FD-CD9500A3E8B6}.Debug|Any CPU.Build.0 = Debug|Any CPU
		{1DFCAEA9-1A8B-4BE9-A6FD-CD9500A3E8B6}.Debug|Any CPU.Deploy.0 = Debug|Any CPU
		{1DFCAEA9-1A8B-4BE9-A6FD-CD9500A3E8B6}.Debug|ARM.ActiveCfg = Debug|ARM
		{1DFCAEA9-1A8B-4BE9-A6FD-CD9500A3E8B6}.Debug|ARM.Build.0 = Debug|ARM
		{1DFCAEA9-1A8B-4BE9-A6FD-CD9500A3E8B6}.Debug|ARM.Deploy.0 = Debug|ARM
		{1DFCAEA9-1A8B-4BE9-A6FD-CD9500A3E8B6}.Debug|iPhone.ActiveCfg = Debug|Any CPU
		{1DFCAEA9-1A8B-4BE9-A6FD-CD9500A3E8B6}.Debug|iPhone.Build.0 = Debug|Any CPU
		{1DFCAEA9-1A8B-4BE9-A6FD-CD9500A3E8B6}.Debug|iPhone.Deploy.0 = Debug|Any CPU
		{1DFCAEA9-1A8B-4BE9-A6FD-CD9500A3E8B6}.Debug|iPhoneSimulator.ActiveCfg = Debug|Any CPU
		{1DFCAEA9-1A8B-4BE9-A6FD-CD9500A3E8B6}.Debug|iPhoneSimulator.Build.0 = Debug|Any CPU
		{1DFCAEA9-1A8B-4BE9-A6FD-CD9500A3E8B6}.Debug|iPhoneSimulator.Deploy.0 = Debug|Any CPU
		{1DFCAEA9-1A8B-4BE9-A6FD-CD9500A3E8B6}.Debug|x64.ActiveCfg = Debug|x64
		{1DFCAEA9-1A8B-4BE9-A6FD-CD9500A3E8B6}.Debug|x64.Build.0 = Debug|x64
		{1DFCAEA9-1A8B-4BE9-A6FD-CD9500A3E8B6}.Debug|x64.Deploy.0 = Debug|x64
		{1DFCAEA9-1A8B-4BE9-A6FD-CD9500A3E8B6}.Debug|x86.ActiveCfg = Debug|x86
		{1DFCAEA9-1A8B-4BE9-A6FD-CD9500A3E8B6}.Debug|x86.Build.0 = Debug|x86
		{1DFCAEA9-1A8B-4BE9-A6FD-CD9500A3E8B6}.Debug|x86.Deploy.0 = Debug|x86
		{1DFCAEA9-1A8B-4BE9-A6FD-CD9500A3E8B6}.Release|Any CPU.ActiveCfg = Release|Any CPU
		{1DFCAEA9-1A8B-4BE9-A6FD-CD9500A3E8B6}.Release|Any CPU.Build.0 = Release|Any CPU
		{1DFCAEA9-1A8B-4BE9-A6FD-CD9500A3E8B6}.Release|Any CPU.Deploy.0 = Release|Any CPU
		{1DFCAEA9-1A8B-4BE9-A6FD-CD9500A3E8B6}.Release|ARM.ActiveCfg = Release|ARM
		{1DFCAEA9-1A8B-4BE9-A6FD-CD9500A3E8B6}.Release|ARM.Build.0 = Release|ARM
		{1DFCAEA9-1A8B-4BE9-A6FD-CD9500A3E8B6}.Release|ARM.Deploy.0 = Release|ARM
		{1DFCAEA9-1A8B-4BE9-A6FD-CD9500A3E8B6}.Release|iPhone.ActiveCfg = Release|Any CPU
		{1DFCAEA9-1A8B-4BE9-A6FD-CD9500A3E8B6}.Release|iPhone.Build.0 = Release|Any CPU
		{1DFCAEA9-1A8B-4BE9-A6FD-CD9500A3E8B6}.Release|iPhone.Deploy.0 = Release|Any CPU
		{1DFCAEA9-1A8B-4BE9-A6FD-CD9500A3E8B6}.Release|iPhoneSimulator.ActiveCfg = Release|Any CPU
		{1DFCAEA9-1A8B-4BE9-A6FD-CD9500A3E8B6}.Release|iPhoneSimulator.Build.0 = Release|Any CPU
		{1DFCAEA9-1A8B-4BE9-A6FD-CD9500A3E8B6}.Release|iPhoneSimulator.Deploy.0 = Release|Any CPU
		{1DFCAEA9-1A8B-4BE9-A6FD-CD9500A3E8B6}.Release|x64.ActiveCfg = Release|x64
		{1DFCAEA9-1A8B-4BE9-A6FD-CD9500A3E8B6}.Release|x64.Build.0 = Release|x64
		{1DFCAEA9-1A8B-4BE9-A6FD-CD9500A3E8B6}.Release|x64.Deploy.0 = Release|x64
		{1DFCAEA9-1A8B-4BE9-A6FD-CD9500A3E8B6}.Release|x86.ActiveCfg = Release|x86
		{1DFCAEA9-1A8B-4BE9-A6FD-CD9500A3E8B6}.Release|x86.Build.0 = Release|x86
		{1DFCAEA9-1A8B-4BE9-A6FD-CD9500A3E8B6}.Release|x86.Deploy.0 = Release|x86
	EndGlobalSection
	GlobalSection(SolutionProperties) = preSolution
		HideSolutionNode = FALSE
	EndGlobalSection
EndGlobal
